
Microsoft Visual Studio Solution File, Format Version 12.00
# Visual Studio Version 16
VisualStudioVersion = 16.0.28917.182
MinimumVisualStudioVersion = 10.0.40219.1
Project("{2150E333-8FDC-42A3-9474-1A3956D46DE8}") = "src", "src", "{43CE6C4C-510D-4F62-B7FE-F1472C2CDD24}"
EndProject
Project("{2150E333-8FDC-42A3-9474-1A3956D46DE8}") = "Contact", "Contact", "{19CC3FEF-D0F1-4234-8ECB-CB6254C0F644}"
EndProject
Project("{9A19103F-16F7-4668-BE54-9A1E7A4F7556}") = "CRM.Contact.Api", "src\Contact\CRM.Contact.Api\CRM.Contact.Api.csproj", "{CEECC3F3-F1B6-4A36-9CF4-2F17A834E8D0}"
EndProject
Project("{2150E333-8FDC-42A3-9474-1A3956D46DE8}") = "BuildingBlocks", "BuildingBlocks", "{D7B2C2A5-C5CB-4359-A4CC-1EA15A1C7F19}"
EndProject
Project("{9A19103F-16F7-4668-BE54-9A1E7A4F7556}") = "CRM.Shared", "src\BuildingBlocks\CRM.Shared\CRM.Shared.csproj", "{97D2719C-1A02-4A1F-ABC9-7FAB3B15616B}"
EndProject
Project("{9A19103F-16F7-4668-BE54-9A1E7A4F7556}") = "CRM.Migration", "src\BuildingBlocks\CRM.Migration\CRM.Migration.csproj", "{3722D08E-0DE7-4421-A7B1-0D6EE2B3953D}"
EndProject
Project("{2150E333-8FDC-42A3-9474-1A3956D46DE8}") = "Communication", "Communication", "{D280FFAF-A055-484F-A427-181F1FED1589}"
EndProject
Project("{9A19103F-16F7-4668-BE54-9A1E7A4F7556}") = "CRM.Communication.Api", "src\Communication\CRM.Communication.Api\CRM.Communication.Api.csproj", "{3D3461F2-A2C8-456B-A77A-9470F2A46E5C}"
EndProject
Project("{9A19103F-16F7-4668-BE54-9A1E7A4F7556}") = "CRM.Communication.FunctionalTests", "src\Communication\CRM.Communication.FunctionalTests\CRM.Communication.FunctionalTests.csproj", "{8800B825-C9ED-453A-9B70-040686DA8953}"
EndProject
Project("{2150E333-8FDC-42A3-9474-1A3956D46DE8}") = "Gateway", "Gateway", "{89011E25-D436-4BAA-B0A5-6A0B8EDA3B43}"
EndProject
Project("{9A19103F-16F7-4668-BE54-9A1E7A4F7556}") = "CRM.Graph.Gateway", "src\Gateways\CRM.Graph.Gateway\CRM.Graph.Gateway.csproj", "{DB2370E3-02DF-48E8-B86A-A8CACBD5E825}"
EndProject
Project("{9A19103F-16F7-4668-BE54-9A1E7A4F7556}") = "CRM.Contact", "src\Contact\CRM.Contact\CRM.Contact.csproj", "{94AF690E-6D55-4736-939A-200DA02C0777}"
EndProject
Project("{9A19103F-16F7-4668-BE54-9A1E7A4F7556}") = "CRM.Contact.FunctionalTests", "src\Contact\CRM.Contact.FunctionalTests\CRM.Contact.FunctionalTests.csproj", "{BE0036E3-AB2F-46D2-9F5B-BE548553D588}"
EndProject
Project("{9A19103F-16F7-4668-BE54-9A1E7A4F7556}") = "CRM.Communication", "src\Communication\CRM.Communication\CRM.Communication.csproj", "{0FF77989-8B5C-4274-A5F3-D2C9900BCB22}"
EndProject
Project("{2150E333-8FDC-42A3-9474-1A3956D46DE8}") = "Identity", "Identity", "{4FF48398-33AF-4E6D-B30A-8B394D894BCE}"
EndProject
Project("{9A19103F-16F7-4668-BE54-9A1E7A4F7556}") = "CRM.Identity", "src\Identity\CRM.Identity\CRM.Identity.csproj", "{A3CEFC63-7CB4-4A86-8D20-213BE9FB283C}"
EndProject
Project("{9A19103F-16F7-4668-BE54-9A1E7A4F7556}") = "CRM.Tracing.Jaeger", "src\BuildingBlocks\CRM.Tracing.Jaeger\CRM.Tracing.Jaeger.csproj", "{EED80907-95BD-422F-BEDB-40A2DB148893}"
EndProject
Project("{9A19103F-16F7-4668-BE54-9A1E7A4F7556}") = "CRM.MassTransit.Tracing", "src\BuildingBlocks\CRM.MassTransit.Tracing\CRM.MassTransit.Tracing.csproj", "{9552107B-9586-4FD7-9769-1176A14154F0}"
EndProject
Project("{9A19103F-16F7-4668-BE54-9A1E7A4F7556}") = "CRM.Configuration.Vault", "src\BuildingBlocks\CRM.Configuration.Vault\CRM.Configuration.Vault.csproj", "{17818EAD-77EA-4DB7-A554-38D5F83A1EA5}"
EndProject
Global
	GlobalSection(SolutionConfigurationPlatforms) = preSolution
		Debug|Any CPU = Debug|Any CPU
		Release|Any CPU = Release|Any CPU
	EndGlobalSection
	GlobalSection(ProjectConfigurationPlatforms) = postSolution
		{CEECC3F3-F1B6-4A36-9CF4-2F17A834E8D0}.Debug|Any CPU.ActiveCfg = Debug|Any CPU
		{CEECC3F3-F1B6-4A36-9CF4-2F17A834E8D0}.Debug|Any CPU.Build.0 = Debug|Any CPU
		{CEECC3F3-F1B6-4A36-9CF4-2F17A834E8D0}.Release|Any CPU.ActiveCfg = Release|Any CPU
		{CEECC3F3-F1B6-4A36-9CF4-2F17A834E8D0}.Release|Any CPU.Build.0 = Release|Any CPU
		{97D2719C-1A02-4A1F-ABC9-7FAB3B15616B}.Debug|Any CPU.ActiveCfg = Debug|Any CPU
		{97D2719C-1A02-4A1F-ABC9-7FAB3B15616B}.Debug|Any CPU.Build.0 = Debug|Any CPU
		{97D2719C-1A02-4A1F-ABC9-7FAB3B15616B}.Release|Any CPU.ActiveCfg = Release|Any CPU
		{97D2719C-1A02-4A1F-ABC9-7FAB3B15616B}.Release|Any CPU.Build.0 = Release|Any CPU
		{3722D08E-0DE7-4421-A7B1-0D6EE2B3953D}.Debug|Any CPU.ActiveCfg = Debug|Any CPU
		{3722D08E-0DE7-4421-A7B1-0D6EE2B3953D}.Debug|Any CPU.Build.0 = Debug|Any CPU
		{3722D08E-0DE7-4421-A7B1-0D6EE2B3953D}.Release|Any CPU.ActiveCfg = Release|Any CPU
		{3722D08E-0DE7-4421-A7B1-0D6EE2B3953D}.Release|Any CPU.Build.0 = Release|Any CPU
		{3D3461F2-A2C8-456B-A77A-9470F2A46E5C}.Debug|Any CPU.ActiveCfg = Debug|Any CPU
		{3D3461F2-A2C8-456B-A77A-9470F2A46E5C}.Debug|Any CPU.Build.0 = Debug|Any CPU
		{3D3461F2-A2C8-456B-A77A-9470F2A46E5C}.Release|Any CPU.ActiveCfg = Release|Any CPU
		{3D3461F2-A2C8-456B-A77A-9470F2A46E5C}.Release|Any CPU.Build.0 = Release|Any CPU
		{8800B825-C9ED-453A-9B70-040686DA8953}.Debug|Any CPU.ActiveCfg = Debug|Any CPU
		{8800B825-C9ED-453A-9B70-040686DA8953}.Debug|Any CPU.Build.0 = Debug|Any CPU
		{8800B825-C9ED-453A-9B70-040686DA8953}.Release|Any CPU.ActiveCfg = Release|Any CPU
		{8800B825-C9ED-453A-9B70-040686DA8953}.Release|Any CPU.Build.0 = Release|Any CPU
		{DB2370E3-02DF-48E8-B86A-A8CACBD5E825}.Debug|Any CPU.ActiveCfg = Debug|Any CPU
		{DB2370E3-02DF-48E8-B86A-A8CACBD5E825}.Debug|Any CPU.Build.0 = Debug|Any CPU
		{DB2370E3-02DF-48E8-B86A-A8CACBD5E825}.Release|Any CPU.ActiveCfg = Release|Any CPU
		{DB2370E3-02DF-48E8-B86A-A8CACBD5E825}.Release|Any CPU.Build.0 = Release|Any CPU
		{94AF690E-6D55-4736-939A-200DA02C0777}.Debug|Any CPU.ActiveCfg = Debug|Any CPU
		{94AF690E-6D55-4736-939A-200DA02C0777}.Debug|Any CPU.Build.0 = Debug|Any CPU
		{94AF690E-6D55-4736-939A-200DA02C0777}.Release|Any CPU.ActiveCfg = Release|Any CPU
		{94AF690E-6D55-4736-939A-200DA02C0777}.Release|Any CPU.Build.0 = Release|Any CPU
		{BE0036E3-AB2F-46D2-9F5B-BE548553D588}.Debug|Any CPU.ActiveCfg = Debug|Any CPU
		{BE0036E3-AB2F-46D2-9F5B-BE548553D588}.Debug|Any CPU.Build.0 = Debug|Any CPU
		{BE0036E3-AB2F-46D2-9F5B-BE548553D588}.Release|Any CPU.ActiveCfg = Release|Any CPU
		{BE0036E3-AB2F-46D2-9F5B-BE548553D588}.Release|Any CPU.Build.0 = Release|Any CPU
		{0FF77989-8B5C-4274-A5F3-D2C9900BCB22}.Debug|Any CPU.ActiveCfg = Debug|Any CPU
		{0FF77989-8B5C-4274-A5F3-D2C9900BCB22}.Debug|Any CPU.Build.0 = Debug|Any CPU
		{0FF77989-8B5C-4274-A5F3-D2C9900BCB22}.Release|Any CPU.ActiveCfg = Release|Any CPU
		{0FF77989-8B5C-4274-A5F3-D2C9900BCB22}.Release|Any CPU.Build.0 = Release|Any CPU
		{A3CEFC63-7CB4-4A86-8D20-213BE9FB283C}.Debug|Any CPU.ActiveCfg = Debug|Any CPU
		{A3CEFC63-7CB4-4A86-8D20-213BE9FB283C}.Debug|Any CPU.Build.0 = Debug|Any CPU
		{A3CEFC63-7CB4-4A86-8D20-213BE9FB283C}.Release|Any CPU.ActiveCfg = Release|Any CPU
		{A3CEFC63-7CB4-4A86-8D20-213BE9FB283C}.Release|Any CPU.Build.0 = Release|Any CPU
		{EED80907-95BD-422F-BEDB-40A2DB148893}.Debug|Any CPU.ActiveCfg = Debug|Any CPU
		{EED80907-95BD-422F-BEDB-40A2DB148893}.Debug|Any CPU.Build.0 = Debug|Any CPU
		{EED80907-95BD-422F-BEDB-40A2DB148893}.Release|Any CPU.ActiveCfg = Release|Any CPU
		{EED80907-95BD-422F-BEDB-40A2DB148893}.Release|Any CPU.Build.0 = Release|Any CPU
		{9552107B-9586-4FD7-9769-1176A14154F0}.Debug|Any CPU.ActiveCfg = Debug|Any CPU
		{9552107B-9586-4FD7-9769-1176A14154F0}.Debug|Any CPU.Build.0 = Debug|Any CPU
		{9552107B-9586-4FD7-9769-1176A14154F0}.Release|Any CPU.ActiveCfg = Release|Any CPU
		{9552107B-9586-4FD7-9769-1176A14154F0}.Release|Any CPU.Build.0 = Release|Any CPU
		{17818EAD-77EA-4DB7-A554-38D5F83A1EA5}.Debug|Any CPU.ActiveCfg = Debug|Any CPU
		{17818EAD-77EA-4DB7-A554-38D5F83A1EA5}.Debug|Any CPU.Build.0 = Debug|Any CPU
		{17818EAD-77EA-4DB7-A554-38D5F83A1EA5}.Release|Any CPU.ActiveCfg = Release|Any CPU
		{17818EAD-77EA-4DB7-A554-38D5F83A1EA5}.Release|Any CPU.Build.0 = Release|Any CPU
	EndGlobalSection
	GlobalSection(SolutionProperties) = preSolution
		HideSolutionNode = FALSE
	EndGlobalSection
	GlobalSection(NestedProjects) = preSolution
		{19CC3FEF-D0F1-4234-8ECB-CB6254C0F644} = {43CE6C4C-510D-4F62-B7FE-F1472C2CDD24}
		{CEECC3F3-F1B6-4A36-9CF4-2F17A834E8D0} = {19CC3FEF-D0F1-4234-8ECB-CB6254C0F644}
		{D7B2C2A5-C5CB-4359-A4CC-1EA15A1C7F19} = {43CE6C4C-510D-4F62-B7FE-F1472C2CDD24}
		{97D2719C-1A02-4A1F-ABC9-7FAB3B15616B} = {D7B2C2A5-C5CB-4359-A4CC-1EA15A1C7F19}
		{3722D08E-0DE7-4421-A7B1-0D6EE2B3953D} = {D7B2C2A5-C5CB-4359-A4CC-1EA15A1C7F19}
		{D280FFAF-A055-484F-A427-181F1FED1589} = {43CE6C4C-510D-4F62-B7FE-F1472C2CDD24}
		{3D3461F2-A2C8-456B-A77A-9470F2A46E5C} = {D280FFAF-A055-484F-A427-181F1FED1589}
		{8800B825-C9ED-453A-9B70-040686DA8953} = {D280FFAF-A055-484F-A427-181F1FED1589}
		{89011E25-D436-4BAA-B0A5-6A0B8EDA3B43} = {43CE6C4C-510D-4F62-B7FE-F1472C2CDD24}
		{DB2370E3-02DF-48E8-B86A-A8CACBD5E825} = {89011E25-D436-4BAA-B0A5-6A0B8EDA3B43}
		{94AF690E-6D55-4736-939A-200DA02C0777} = {19CC3FEF-D0F1-4234-8ECB-CB6254C0F644}
		{BE0036E3-AB2F-46D2-9F5B-BE548553D588} = {19CC3FEF-D0F1-4234-8ECB-CB6254C0F644}
		{0FF77989-8B5C-4274-A5F3-D2C9900BCB22} = {D280FFAF-A055-484F-A427-181F1FED1589}
		{4FF48398-33AF-4E6D-B30A-8B394D894BCE} = {43CE6C4C-510D-4F62-B7FE-F1472C2CDD24}
		{A3CEFC63-7CB4-4A86-8D20-213BE9FB283C} = {4FF48398-33AF-4E6D-B30A-8B394D894BCE}
		{EED80907-95BD-422F-BEDB-40A2DB148893} = {D7B2C2A5-C5CB-4359-A4CC-1EA15A1C7F19}
		{9552107B-9586-4FD7-9769-1176A14154F0} = {D7B2C2A5-C5CB-4359-A4CC-1EA15A1C7F19}
		{17818EAD-77EA-4DB7-A554-38D5F83A1EA5} = {D7B2C2A5-C5CB-4359-A4CC-1EA15A1C7F19}
	EndGlobalSection
	GlobalSection(ExtensibilityGlobals) = postSolution
		SolutionGuid = {69F3C4B9-8457-466C-B0CB-B5ABB01E6A78}
	EndGlobalSection
EndGlobal
